// !$*UTF8*$!
{
	archiveVersion = 1;
	classes = {
	};
	objectVersion = 51;
	objects = {

/* Begin PBXBuildFile section */
		B54C39DD4A427BAEF06E7729 /* Pods_MyFavoritePlaces.framework in Frameworks */ = {isa = PBXBuildFile; fileRef = 9A92D4B1930C5B776F986744 /* Pods_MyFavoritePlaces.framework */; };
		CF3B15E526CFAA3700167954 /* CustomTableViewCell.swift in Sources */ = {isa = PBXBuildFile; fileRef = CF3B15E426CFAA3700167954 /* CustomTableViewCell.swift */; };
		CF3B15E826CFAF3B00167954 /* PlaceModel.swift in Sources */ = {isa = PBXBuildFile; fileRef = CF3B15E726CFAF3B00167954 /* PlaceModel.swift */; };
		CF6007972700780200147314 /* StorageManager.swift in Sources */ = {isa = PBXBuildFile; fileRef = CF6007962700780200147314 /* StorageManager.swift */; };
		CF6723DB26CF8E040053989E /* AppDelegate.swift in Sources */ = {isa = PBXBuildFile; fileRef = CF6723DA26CF8E040053989E /* AppDelegate.swift */; };
		CF6723DD26CF8E040053989E /* SceneDelegate.swift in Sources */ = {isa = PBXBuildFile; fileRef = CF6723DC26CF8E040053989E /* SceneDelegate.swift */; };
		CF6723E226CF8E040053989E /* Main.storyboard in Resources */ = {isa = PBXBuildFile; fileRef = CF6723E026CF8E040053989E /* Main.storyboard */; };
		CF6723E426CF8E060053989E /* Assets.xcassets in Resources */ = {isa = PBXBuildFile; fileRef = CF6723E326CF8E060053989E /* Assets.xcassets */; };
		CF6723E726CF8E060053989E /* LaunchScreen.storyboard in Resources */ = {isa = PBXBuildFile; fileRef = CF6723E526CF8E060053989E /* LaunchScreen.storyboard */; };
		CF6723F126CF92220053989E /* MainViewController.swift in Sources */ = {isa = PBXBuildFile; fileRef = CF6723F026CF92220053989E /* MainViewController.swift */; };
		CF6A88B42706F72F0012378B /* RatingControl.swift in Sources */ = {isa = PBXBuildFile; fileRef = CF6A88B32706F72F0012378B /* RatingControl.swift */; };
		CF6A88C627071EE60012378B /* MapViewController.swift in Sources */ = {isa = PBXBuildFile; fileRef = CF6A88C527071EE60012378B /* MapViewController.swift */; };
		CFB87CA426DCCE0C00AB9663 /* NewPlaceViewController.swift in Sources */ = {isa = PBXBuildFile; fileRef = CFB87CA326DCCE0C00AB9663 /* NewPlaceViewController.swift */; };
/* End PBXBuildFile section */

/* Begin PBXFileReference section */
		9A92D4B1930C5B776F986744 /* Pods_MyFavoritePlaces.framework */ = {isa = PBXFileReference; explicitFileType = wrapper.framework; includeInIndex = 0; path = Pods_MyFavoritePlaces.framework; sourceTree = BUILT_PRODUCTS_DIR; };
		B6C3108FD378F9D9911B2260 /* Pods-MyFavoritePlaces.release.xcconfig */ = {isa = PBXFileReference; includeInIndex = 1; lastKnownFileType = text.xcconfig; name = "Pods-MyFavoritePlaces.release.xcconfig"; path = "Target Support Files/Pods-MyFavoritePlaces/Pods-MyFavoritePlaces.release.xcconfig"; sourceTree = "<group>"; };
		CF3B15E426CFAA3700167954 /* CustomTableViewCell.swift */ = {isa = PBXFileReference; lastKnownFileType = sourcecode.swift; path = CustomTableViewCell.swift; sourceTree = "<group>"; };
		CF3B15E726CFAF3B00167954 /* PlaceModel.swift */ = {isa = PBXFileReference; lastKnownFileType = sourcecode.swift; path = PlaceModel.swift; sourceTree = "<group>"; };
		CF6007962700780200147314 /* StorageManager.swift */ = {isa = PBXFileReference; lastKnownFileType = sourcecode.swift; path = StorageManager.swift; sourceTree = "<group>"; };
		CF6723D726CF8E040053989E /* MyFavoritePlaces.app */ = {isa = PBXFileReference; explicitFileType = wrapper.application; includeInIndex = 0; path = MyFavoritePlaces.app; sourceTree = BUILT_PRODUCTS_DIR; };
		CF6723DA26CF8E040053989E /* AppDelegate.swift */ = {isa = PBXFileReference; lastKnownFileType = sourcecode.swift; path = AppDelegate.swift; sourceTree = "<group>"; };
		CF6723DC26CF8E040053989E /* SceneDelegate.swift */ = {isa = PBXFileReference; lastKnownFileType = sourcecode.swift; path = SceneDelegate.swift; sourceTree = "<group>"; };
		CF6723E126CF8E040053989E /* Base */ = {isa = PBXFileReference; lastKnownFileType = file.storyboard; name = Base; path = Base.lproj/Main.storyboard; sourceTree = "<group>"; };
		CF6723E326CF8E060053989E /* Assets.xcassets */ = {isa = PBXFileReference; lastKnownFileType = folder.assetcatalog; path = Assets.xcassets; sourceTree = "<group>"; };
		CF6723E626CF8E060053989E /* Base */ = {isa = PBXFileReference; lastKnownFileType = file.storyboard; name = Base; path = Base.lproj/LaunchScreen.storyboard; sourceTree = "<group>"; };
		CF6723E826CF8E060053989E /* Info.plist */ = {isa = PBXFileReference; lastKnownFileType = text.plist.xml; path = Info.plist; sourceTree = "<group>"; };
		CF6723F026CF92220053989E /* MainViewController.swift */ = {isa = PBXFileReference; lastKnownFileType = sourcecode.swift; path = MainViewController.swift; sourceTree = "<group>"; };
		CF6A88B32706F72F0012378B /* RatingControl.swift */ = {isa = PBXFileReference; lastKnownFileType = sourcecode.swift; path = RatingControl.swift; sourceTree = "<group>"; };
		CF6A88C527071EE60012378B /* MapViewController.swift */ = {isa = PBXFileReference; lastKnownFileType = sourcecode.swift; path = MapViewController.swift; sourceTree = "<group>"; };
		CFB87CA326DCCE0C00AB9663 /* NewPlaceViewController.swift */ = {isa = PBXFileReference; lastKnownFileType = sourcecode.swift; path = NewPlaceViewController.swift; sourceTree = "<group>"; };
		F6721DE9CDC9D53B8E86621D /* Pods-MyFavoritePlaces.debug.xcconfig */ = {isa = PBXFileReference; includeInIndex = 1; lastKnownFileType = text.xcconfig; name = "Pods-MyFavoritePlaces.debug.xcconfig"; path = "Target Support Files/Pods-MyFavoritePlaces/Pods-MyFavoritePlaces.debug.xcconfig"; sourceTree = "<group>"; };
/* End PBXFileReference section */

/* Begin PBXFrameworksBuildPhase section */
		CF6723D426CF8E040053989E /* Frameworks */ = {
			isa = PBXFrameworksBuildPhase;
			buildActionMask = 2147483647;
			files = (
				B54C39DD4A427BAEF06E7729 /* Pods_MyFavoritePlaces.framework in Frameworks */,
			);
			runOnlyForDeploymentPostprocessing = 0;
		};
/* End PBXFrameworksBuildPhase section */

/* Begin PBXGroup section */
		7254771B488767AA70FC23A1 /* Frameworks */ = {
			isa = PBXGroup;
			children = (
				9A92D4B1930C5B776F986744 /* Pods_MyFavoritePlaces.framework */,
			);
			name = Frameworks;
			sourceTree = "<group>";
		};
		CF3ECFE827046AA80047B022 /* Model */ = {
			isa = PBXGroup;
			children = (
				CF3B15E726CFAF3B00167954 /* PlaceModel.swift */,
				CF6007962700780200147314 /* StorageManager.swift */,
			);
			path = Model;
			sourceTree = "<group>";
		};
		CF3ECFE927046ADE0047B022 /* VC */ = {
			isa = PBXGroup;
			children = (
				CF6723F026CF92220053989E /* MainViewController.swift */,
				CFB87CA326DCCE0C00AB9663 /* NewPlaceViewController.swift */,
				CF6A88C527071EE60012378B /* MapViewController.swift */,
			);
			path = VC;
			sourceTree = "<group>";
		};
		CF3ECFEA27046B0E0047B022 /* Application */ = {
			isa = PBXGroup;
			children = (
				CF6723DA26CF8E040053989E /* AppDelegate.swift */,
				CF6723DC26CF8E040053989E /* SceneDelegate.swift */,
			);
			path = Application;
			sourceTree = "<group>";
		};
		CF3ECFEB27046B2B0047B022 /* Views */ = {
			isa = PBXGroup;
			children = (
				CF3B15E426CFAA3700167954 /* CustomTableViewCell.swift */,
				CF6A88B32706F72F0012378B /* RatingControl.swift */,
			);
			path = Views;
			sourceTree = "<group>";
		};
		CF3ECFEC27046B520047B022 /* Storyboards */ = {
			isa = PBXGroup;
			children = (
				CF6723E526CF8E060053989E /* LaunchScreen.storyboard */,
				CF6723E026CF8E040053989E /* Main.storyboard */,
			);
			path = Storyboards;
			sourceTree = "<group>";
		};
		CF3ECFED27046B700047B022 /* Resources */ = {
			isa = PBXGroup;
			children = (
				CF6723E326CF8E060053989E /* Assets.xcassets */,
			);
			path = Resources;
			sourceTree = "<group>";
		};
		CF6723CE26CF8E040053989E = {
			isa = PBXGroup;
			children = (
				CF6723D926CF8E040053989E /* MyFavoritePlaces */,
				CF6723D826CF8E040053989E /* Products */,
				FE091C43B82BD5EE1839F630 /* Pods */,
				7254771B488767AA70FC23A1 /* Frameworks */,
			);
			sourceTree = "<group>";
		};
		CF6723D826CF8E040053989E /* Products */ = {
			isa = PBXGroup;
			children = (
				CF6723D726CF8E040053989E /* MyFavoritePlaces.app */,
			);
			name = Products;
			sourceTree = "<group>";
		};
		CF6723D926CF8E040053989E /* MyFavoritePlaces */ = {
			isa = PBXGroup;
			children = (
				CF3ECFED27046B700047B022 /* Resources */,
				CF3ECFEC27046B520047B022 /* Storyboards */,
				CF3ECFEB27046B2B0047B022 /* Views */,
				CF3ECFEA27046B0E0047B022 /* Application */,
				CF3ECFE927046ADE0047B022 /* VC */,
				CF3ECFE827046AA80047B022 /* Model */,
				CF6723E826CF8E060053989E /* Info.plist */,
			);
			path = MyFavoritePlaces;
			sourceTree = "<group>";
		};
		FE091C43B82BD5EE1839F630 /* Pods */ = {
			isa = PBXGroup;
			children = (
				F6721DE9CDC9D53B8E86621D /* Pods-MyFavoritePlaces.debug.xcconfig */,
				B6C3108FD378F9D9911B2260 /* Pods-MyFavoritePlaces.release.xcconfig */,
			);
			path = Pods;
			sourceTree = "<group>";
		};
/* End PBXGroup section */

/* Begin PBXNativeTarget section */
		CF6723D626CF8E040053989E /* MyFavoritePlaces */ = {
			isa = PBXNativeTarget;
			buildConfigurationList = CF6723EB26CF8E060053989E /* Build configuration list for PBXNativeTarget "MyFavoritePlaces" */;
			buildPhases = (
				DCCC9810A402788F408C9769 /* [CP] Check Pods Manifest.lock */,
				CF6723D326CF8E040053989E /* Sources */,
				CF6723D426CF8E040053989E /* Frameworks */,
				CF6723D526CF8E040053989E /* Resources */,
				1C272B93B6E2E8751F6839DD /* [CP] Embed Pods Frameworks */,
			);
			buildRules = (
			);
			dependencies = (
			);
			name = MyFavoritePlaces;
			productName = MyFavoritePlaces;
			productReference = CF6723D726CF8E040053989E /* MyFavoritePlaces.app */;
			productType = "com.apple.product-type.application";
		};
/* End PBXNativeTarget section */

/* Begin PBXProject section */
		CF6723CF26CF8E040053989E /* Project object */ = {
			isa = PBXProject;
			attributes = {
				LastSwiftUpdateCheck = 1240;
				LastUpgradeCheck = 1240;
				TargetAttributes = {
					CF6723D626CF8E040053989E = {
						CreatedOnToolsVersion = 12.4;
					};
				};
			};
			buildConfigurationList = CF6723D226CF8E040053989E /* Build configuration list for PBXProject "MyFavoritePlaces" */;
			compatibilityVersion = "Xcode 9.3";
			developmentRegion = en;
			hasScannedForEncodings = 0;
			knownRegions = (
				en,
				Base,
			);
			mainGroup = CF6723CE26CF8E040053989E;
			productRefGroup = CF6723D826CF8E040053989E /* Products */;
			projectDirPath = "";
			projectRoot = "";
			targets = (
				CF6723D626CF8E040053989E /* MyFavoritePlaces */,
			);
		};
/* End PBXProject section */

/* Begin PBXResourcesBuildPhase section */
		CF6723D526CF8E040053989E /* Resources */ = {
			isa = PBXResourcesBuildPhase;
			buildActionMask = 2147483647;
			files = (
				CF6723E726CF8E060053989E /* LaunchScreen.storyboard in Resources */,
				CF6723E426CF8E060053989E /* Assets.xcassets in Resources */,
				CF6723E226CF8E040053989E /* Main.storyboard in Resources */,
			);
			runOnlyForDeploymentPostprocessing = 0;
		};
/* End PBXResourcesBuildPhase section */

/* Begin PBXShellScriptBuildPhase section */
		1C272B93B6E2E8751F6839DD /* [CP] Embed Pods Frameworks */ = {
			isa = PBXShellScriptBuildPhase;
			buildActionMask = 2147483647;
			files = (
			);
			inputFileListPaths = (
				"${PODS_ROOT}/Target Support Files/Pods-MyFavoritePlaces/Pods-MyFavoritePlaces-frameworks-${CONFIGURATION}-input-files.xcfilelist",
			);
			name = "[CP] Embed Pods Frameworks";
			outputFileListPaths = (
				"${PODS_ROOT}/Target Support Files/Pods-MyFavoritePlaces/Pods-MyFavoritePlaces-frameworks-${CONFIGURATION}-output-files.xcfilelist",
			);
			runOnlyForDeploymentPostprocessing = 0;
			shellPath = /bin/sh;
			shellScript = "\"${PODS_ROOT}/Target Support Files/Pods-MyFavoritePlaces/Pods-MyFavoritePlaces-frameworks.sh\"\n";
			showEnvVarsInLog = 0;
		};
		DCCC9810A402788F408C9769 /* [CP] Check Pods Manifest.lock */ = {
			isa = PBXShellScriptBuildPhase;
			buildActionMask = 2147483647;
			files = (
			);
			inputFileListPaths = (
			);
			inputPaths = (
				"${PODS_PODFILE_DIR_PATH}/Podfile.lock",
				"${PODS_ROOT}/Manifest.lock",
			);
			name = "[CP] Check Pods Manifest.lock";
			outputFileListPaths = (
			);
			outputPaths = (
				"$(DERIVED_FILE_DIR)/Pods-MyFavoritePlaces-checkManifestLockResult.txt",
			);
			runOnlyForDeploymentPostprocessing = 0;
			shellPath = /bin/sh;
			shellScript = "diff \"${PODS_PODFILE_DIR_PATH}/Podfile.lock\" \"${PODS_ROOT}/Manifest.lock\" > /dev/null\nif [ $? != 0 ] ; then\n    # print error to STDERR\n    echo \"error: The sandbox is not in sync with the Podfile.lock. Run 'pod install' or update your CocoaPods installation.\" >&2\n    exit 1\nfi\n# This output is used by Xcode 'outputs' to avoid re-running this script phase.\necho \"SUCCESS\" > \"${SCRIPT_OUTPUT_FILE_0}\"\n";
			showEnvVarsInLog = 0;
		};
/* End PBXShellScriptBuildPhase section */

/* Begin PBXSourcesBuildPhase section */
		CF6723D326CF8E040053989E /* Sources */ = {
			isa = PBXSourcesBuildPhase;
			buildActionMask = 2147483647;
			files = (
				CF6723F126CF92220053989E /* MainViewController.swift in Sources */,
				CFB87CA426DCCE0C00AB9663 /* NewPlaceViewController.swift in Sources */,
				CF6723DB26CF8E040053989E /* AppDelegate.swift in Sources */,
				CF6007972700780200147314 /* StorageManager.swift in Sources */,
				CF6A88C627071EE60012378B /* MapViewController.swift in Sources */,
				CF6A88B42706F72F0012378B /* RatingControl.swift in Sources */,
				CF3B15E826CFAF3B00167954 /* PlaceModel.swift in Sources */,
				CF3B15E526CFAA3700167954 /* CustomTableViewCell.swift in Sources */,
				CF6723DD26CF8E040053989E /* SceneDelegate.swift in Sources */,
			);
			runOnlyForDeploymentPostprocessing = 0;
		};
/* End PBXSourcesBuildPhase section */

/* Begin PBXVariantGroup section */
		CF6723E026CF8E040053989E /* Main.storyboard */ = {
			isa = PBXVariantGroup;
			children = (
				CF6723E126CF8E040053989E /* Base */,
			);
			name = Main.storyboard;
			sourceTree = "<group>";
		};
		CF6723E526CF8E060053989E /* LaunchScreen.storyboard */ = {
			isa = PBXVariantGroup;
			children = (
				CF6723E626CF8E060053989E /* Base */,
			);
			name = LaunchScreen.storyboard;
			sourceTree = "<group>";
		};
/* End PBXVariantGroup section */

/* Begin XCBuildConfiguration section */
		CF6723E926CF8E060053989E /* Debug */ = {
			isa = XCBuildConfiguration;
			buildSettings = {
				ALWAYS_SEARCH_USER_PATHS = NO;
				CLANG_ANALYZER_NONNULL = YES;
				CLANG_ANALYZER_NUMBER_OBJECT_CONVERSION = YES_AGGRESSIVE;
				CLANG_CXX_LANGUAGE_STANDARD = "gnu++14";
				CLANG_CXX_LIBRARY = "libc++";
				CLANG_ENABLE_MODULES = YES;
				CLANG_ENABLE_OBJC_ARC = YES;
				CLANG_ENABLE_OBJC_WEAK = YES;
				CLANG_WARN_BLOCK_CAPTURE_AUTORELEASING = YES;
				CLANG_WARN_BOOL_CONVERSION = YES;
				CLANG_WARN_COMMA = YES;
				CLANG_WARN_CONSTANT_CONVERSION = YES;
				CLANG_WARN_DEPRECATED_OBJC_IMPLEMENTATIONS = YES;
				CLANG_WARN_DIRECT_OBJC_ISA_USAGE = YES_ERROR;
				CLANG_WARN_DOCUMENTATION_COMMENTS = YES;
				CLANG_WARN_EMPTY_BODY = YES;
				CLANG_WARN_ENUM_CONVERSION = YES;
				CLANG_WARN_INFINITE_RECURSION = YES;
				CLANG_WARN_INT_CONVERSION = YES;
				CLANG_WARN_NON_LITERAL_NULL_CONVERSION = YES;
				CLANG_WARN_OBJC_IMPLICIT_RETAIN_SELF = YES;
				CLANG_WARN_OBJC_LITERAL_CONVERSION = YES;
				CLANG_WARN_OBJC_ROOT_CLASS = YES_ERROR;
				CLANG_WARN_QUOTED_INCLUDE_IN_FRAMEWORK_HEADER = YES;
				CLANG_WARN_RANGE_LOOP_ANALYSIS = YES;
				CLANG_WARN_STRICT_PROTOTYPES = YES;
				CLANG_WARN_SUSPICIOUS_MOVE = YES;
				CLANG_WARN_UNGUARDED_AVAILABILITY = YES_AGGRESSIVE;
				CLANG_WARN_UNREACHABLE_CODE = YES;
				CLANG_WARN__DUPLICATE_METHOD_MATCH = YES;
				COPY_PHASE_STRIP = NO;
				DEBUG_INFORMATION_FORMAT = dwarf;
				ENABLE_STRICT_OBJC_MSGSEND = YES;
				ENABLE_TESTABILITY = YES;
				GCC_C_LANGUAGE_STANDARD = gnu11;
				GCC_DYNAMIC_NO_PIC = NO;
				GCC_NO_COMMON_BLOCKS = YES;
				GCC_OPTIMIZATION_LEVEL = 0;
				GCC_PREPROCESSOR_DEFINITIONS = (
					"DEBUG=1",
					"$(inherited)",
				);
				GCC_WARN_64_TO_32_BIT_CONVERSION = YES;
				GCC_WARN_ABOUT_RETURN_TYPE = YES_ERROR;
				GCC_WARN_UNDECLARED_SELECTOR = YES;
				GCC_WARN_UNINITIALIZED_AUTOS = YES_AGGRESSIVE;
				GCC_WARN_UNUSED_FUNCTION = YES;
				GCC_WARN_UNUSED_VARIABLE = YES;
				IPHONEOS_DEPLOYMENT_TARGET = 14.4;
				MTL_ENABLE_DEBUG_INFO = INCLUDE_SOURCE;
				MTL_FAST_MATH = YES;
				ONLY_ACTIVE_ARCH = YES;
				SDKROOT = iphoneos;
				SWIFT_ACTIVE_COMPILATION_CONDITIONS = DEBUG;
				SWIFT_OPTIMIZATION_LEVEL = "-Onone";
			};
			name = Debug;
		};
		CF6723EA26CF8E060053989E /* Release */ = {
			isa = XCBuildConfiguration;
			buildSettings = {
				ALWAYS_SEARCH_USER_PATHS = NO;
				CLANG_ANALYZER_NONNULL = YES;
				CLANG_ANALYZER_NUMBER_OBJECT_CONVERSION = YES_AGGRESSIVE;
				CLANG_CXX_LANGUAGE_STANDARD = "gnu++14";
				CLANG_CXX_LIBRARY = "libc++";
				CLANG_ENABLE_MODULES = YES;
				CLANG_ENABLE_OBJC_ARC = YES;
				CLANG_ENABLE_OBJC_WEAK = YES;
				CLANG_WARN_BLOCK_CAPTURE_AUTORELEASING = YES;
				CLANG_WARN_BOOL_CONVERSION = YES;
				CLANG_WARN_COMMA = YES;
				CLANG_WARN_CONSTANT_CONVERSION = YES;
				CLANG_WARN_DEPRECATED_OBJC_IMPLEMENTATIONS = YES;
				CLANG_WARN_DIRECT_OBJC_ISA_USAGE = YES_ERROR;
				CLANG_WARN_DOCUMENTATION_COMMENTS = YES;
				CLANG_WARN_EMPTY_BODY = YES;
				CLANG_WARN_ENUM_CONVERSION = YES;
				CLANG_WARN_INFINITE_RECURSION = YES;
				CLANG_WARN_INT_CONVERSION = YES;
				CLANG_WARN_NON_LITERAL_NULL_CONVERSION = YES;
				CLANG_WARN_OBJC_IMPLICIT_RETAIN_SELF = YES;
				CLANG_WARN_OBJC_LITERAL_CONVERSION = YES;
				CLANG_WARN_OBJC_ROOT_CLASS = YES_ERROR;
				CLANG_WARN_QUOTED_INCLUDE_IN_FRAMEWORK_HEADER = YES;
				CLANG_WARN_RANGE_LOOP_ANALYSIS = YES;
				CLANG_WARN_STRICT_PROTOTYPES = YES;
				CLANG_WARN_SUSPICIOUS_MOVE = YES;
				CLANG_WARN_UNGUARDED_AVAILABILITY = YES_AGGRESSIVE;
				CLANG_WARN_UNREACHABLE_CODE = YES;
				CLANG_WARN__DUPLICATE_METHOD_MATCH = YES;
				COPY_PHASE_STRIP = NO;
				DEBUG_INFORMATION_FORMAT = "dwarf-with-dsym";
				ENABLE_NS_ASSERTIONS = NO;
				ENABLE_STRICT_OBJC_MSGSEND = YES;
				GCC_C_LANGUAGE_STANDARD = gnu11;
				GCC_NO_COMMON_BLOCKS = YES;
				GCC_WARN_64_TO_32_BIT_CONVERSION = YES;
				GCC_WARN_ABOUT_RETURN_TYPE = YES_ERROR;
				GCC_WARN_UNDECLARED_SELECTOR = YES;
				GCC_WARN_UNINITIALIZED_AUTOS = YES_AGGRESSIVE;
				GCC_WARN_UNUSED_FUNCTION = YES;
				GCC_WARN_UNUSED_VARIABLE = YES;
				IPHONEOS_DEPLOYMENT_TARGET = 14.4;
				MTL_ENABLE_DEBUG_INFO = NO;
				MTL_FAST_MATH = YES;
				SDKROOT = iphoneos;
				SWIFT_COMPILATION_MODE = wholemodule;
				SWIFT_OPTIMIZATION_LEVEL = "-O";
				VALIDATE_PRODUCT = YES;
			};
			name = Release;
		};
		CF6723EC26CF8E060053989E /* Debug */ = {
			isa = XCBuildConfiguration;
			baseConfigurationReference = F6721DE9CDC9D53B8E86621D /* Pods-MyFavoritePlaces.debug.xcconfig */;
			buildSettings = {
				ASSETCATALOG_COMPILER_APPICON_NAME = AppIcon;
				ASSETCATALOG_COMPILER_GLOBAL_ACCENT_COLOR_NAME = AccentColor;
				CODE_SIGN_STYLE = Automatic;
				DEVELOPMENT_TEAM = 59U3Y8MDY6;
				INFOPLIST_FILE = MyFavoritePlaces/Info.plist;
				IPHONEOS_DEPLOYMENT_TARGET = 13.4;
				LD_RUNPATH_SEARCH_PATHS = (
					"$(inherited)",
					"@executable_path/Frameworks",
				);
				PRODUCT_BUNDLE_IDENTIFIER = QV.MyFavoritePlaces;
				PRODUCT_NAME = "$(TARGET_NAME)";
				SWIFT_VERSION = 5.0;
				TARGETED_DEVICE_FAMILY = "1,2";
			};
			name = Debug;
		};
		CF6723ED26CF8E060053989E /* Release */ = {
			isa = XCBuildConfiguration;
			baseConfigurationReference = B6C3108FD378F9D9911B2260 /* Pods-MyFavoritePlaces.release.xcconfig */;
			buildSettings = {
				ASSETCATALOG_COMPILER_APPICON_NAME = AppIcon;
				ASSETCATALOG_COMPILER_GLOBAL_ACCENT_COLOR_NAME = AccentColor;
				CODE_SIGN_STYLE = Automatic;
				DEVELOPMENT_TEAM = 59U3Y8MDY6;
				INFOPLIST_FILE = MyFavoritePlaces/Info.plist;
				IPHONEOS_DEPLOYMENT_TARGET = 13.4;
				LD_RUNPATH_SEARCH_PATHS = (
					"$(inherited)",
					"@executable_path/Frameworks",
				);
				PRODUCT_BUNDLE_IDENTIFIER = QV.MyFavoritePlaces;
				PRODUCT_NAME = "$(TARGET_NAME)";
				SWIFT_VERSION = 5.0;
				TARGETED_DEVICE_FAMILY = "1,2";
			};
			name = Release;
		};
/* End XCBuildConfiguration section */

/* Begin XCConfigurationList section */
		CF6723D226CF8E040053989E /* Build configuration list for PBXProject "MyFavoritePlaces" */ = {
			isa = XCConfigurationList;
			buildConfigurations = (
				CF6723E926CF8E060053989E /* Debug */,
				CF6723EA26CF8E060053989E /* Release */,
			);
			defaultConfigurationIsVisible = 0;
			defaultConfigurationName = Release;
		};
		CF6723EB26CF8E060053989E /* Build configuration list for PBXNativeTarget "MyFavoritePlaces" */ = {
			isa = XCConfigurationList;
			buildConfigurations = (
				CF6723EC26CF8E060053989E /* Debug */,
				CF6723ED26CF8E060053989E /* Release */,
			);
			defaultConfigurationIsVisible = 0;
			defaultConfigurationName = Release;
		};
/* End XCConfigurationList section */
	};
	rootObject = CF6723CF26CF8E040053989E /* Project object */;
}
